
Microsoft Visual Studio Solution File, Format Version 12.00
# Visual Studio Version 16
VisualStudioVersion = 16.0.31129.286
MinimumVisualStudioVersion = 10.0.40219.1
Project("{8BC9CEB8-8B4A-11D0-8D11-00A0C91BC942}") = "CFG-To-PDA", "CFG-To-PDA\CFG-To-PDA.vcxproj", "{B7BE1508-A640-4860-859F-0D976ED3DCC9}"
EndProject
Global
	GlobalSection(SolutionConfigurationPlatforms) = preSolution
		Debug|x64 = Debug|x64
		Debug|x86 = Debug|x86
		Release|x64 = Release|x64
		Release|x86 = Release|x86
	EndGlobalSection
	GlobalSection(ProjectConfigurationPlatforms) = postSolution
		{B7BE1508-A640-4860-859F-0D976ED3DCC9}.Debug|x64.ActiveCfg = Debug|x64
		{B7BE1508-A640-4860-859F-0D976ED3DCC9}.Debug|x64.Build.0 = Debug|x64
		{B7BE1508-A640-4860-859F-0D976ED3DCC9}.Debug|x86.ActiveCfg = Debug|Win32
		{B7BE1508-A640-4860-859F-0D976ED3DCC9}.Debug|x86.Build.0 = Debug|Win32
		{B7BE1508-A640-4860-859F-0D976ED3DCC9}.Release|x64.ActiveCfg = Release|x64
		{B7BE1508-A640-4860-859F-0D976ED3DCC9}.Release|x64.Build.0 = Release|x64
		{B7BE1508-A640-4860-859F-0D976ED3DCC9}.Release|x86.ActiveCfg = Release|Win32
		{B7BE1508-A640-4860-859F-0D976ED3DCC9}.Release|x86.Build.0 = Release|Win32
	EndGlobalSection
	GlobalSection(SolutionProperties) = preSolution
		HideSolutionNode = FALSE
	EndGlobalSection
	GlobalSection(ExtensibilityGlobals) = postSolution
		SolutionGuid = {CE3B3CAF-04E8-4620-B3BE-CB07E54BAFB4}
	EndGlobalSection
EndGlobal
